<?xml version="1.0" encoding="utf-8"?>
<Project ToolsVersion="4.0" xmlns="http://schemas.microsoft.com/developer/msbuild/2003">
  <ItemGroup>
    <Filter Include="Source Files">
      <UniqueIdentifier>{4FC737F1-C7A5-4376-A066-2A32D752A2FF}</UniqueIdentifier>
      <Extensions>cpp;c;cc;cxx;def;odl;idl;hpj;bat;asm;asmx</Extensions>
    </Filter>
    <Filter Include="Header Files">
      <UniqueIdentifier>{93995380-89BD-4b04-88EB-625FBE52EBFB}</UniqueIdentifier>
      <Extensions>h;hh;hpp;hxx;hm;inl;inc;ipp;xsd</Extensions>
    </Filter>
    <Filter Include="Resource Files">
      <UniqueIdentifier>{67DA6AB6-F800-4c08-8B7A-83BB121AAD01}</UniqueIdentifier>
      <Extensions>rc;ico;cur;bmp;dlg;rc2;rct;bin;rgs;gif;jpg;jpeg;jpe;resx;tiff;tif;png;wav;mfcribbon-ms</Extensions>
    </Filter>
    <Filter Include="Header Files\LeetCode">
      <UniqueIdentifier>{19f78e63-e891-4cc1-b186-efc10242f5d4}</UniqueIdentifier>
    </Filter>
    <Filter Include="Source Files\LeetCode">
      <UniqueIdentifier>{e15a26c1-c956-4aed-8eb9-3c9f30df2c58}</UniqueIdentifier>
    </Filter>
    <Filter Include="Header Files\Struct">
      <UniqueIdentifier>{0a7dbd3d-a0aa-4c50-b18c-10edcd4d6dd5}</UniqueIdentifier>
    </Filter>
  </ItemGroup>
  <ItemGroup>
    <ClInclude Include="pch.h">
      <Filter>Header Files</Filter>
    </ClInclude>
    <ClInclude Include="L001_TwoSum.h">
      <Filter>Header Files\LeetCode</Filter>
    </ClInclude>
    <ClInclude Include="L002_AddTwoNumber.h">
      <Filter>Header Files\LeetCode</Filter>
    </ClInclude>
    <ClInclude Include="L003_LongestSubstringWithoutRepeat.h">
      <Filter>Header Files\LeetCode</Filter>
    </ClInclude>
    <ClInclude Include="L004_MedianTwoSortedArray.h">
      <Filter>Header Files\LeetCode</Filter>
    </ClInclude>
    <ClInclude Include="ListNode.h">
      <Filter>Header Files\Struct</Filter>
    </ClInclude>
  </ItemGroup>
  <ItemGroup>
    <ClCompile Include="pch.cpp">
      <Filter>Source Files</Filter>
    </ClCompile>
    <ClCompile Include="LeetCode.cpp">
      <Filter>Source Files</Filter>
    </ClCompile>
    <ClCompile Include="L001_TwoSum.cpp">
      <Filter>Source Files\LeetCode</Filter>
    </ClCompile>
    <ClCompile Include="L002_AddTwoNumber.cpp">
      <Filter>Source Files\LeetCode</Filter>
    </ClCompile>
    <ClCompile Include="L003_LongestSubstringWithoutRepeat.cpp">
      <Filter>Source Files\LeetCode</Filter>
    </ClCompile>
    <ClCompile Include="L004_MedianTwoSortedArray.cpp">
      <Filter>Source Files\LeetCode</Filter>
    </ClCompile>
  </ItemGroup>
</Project>