
Microsoft Visual Studio Solution File, Format Version 12.00
# Visual Studio 15
VisualStudioVersion = 15.0.28307.902
MinimumVisualStudioVersion = 10.0.40219.1
Project("{9A19103F-16F7-4668-BE54-9A1E7A4F7556}") = "FileProcessorConfiguration", "FileProcessorConfiguration\FileProcessorConfiguration.csproj", "{D9C46FDF-6E39-4D04-9D60-97FD9A8F1699}"
EndProject
Global
	GlobalSection(SolutionConfigurationPlatforms) = preSolution
		Debug|Any CPU = Debug|Any CPU
		Release|Any CPU = Release|Any CPU
	EndGlobalSection
	GlobalSection(ProjectConfigurationPlatforms) = postSolution
		{D9C46FDF-6E39-4D04-9D60-97FD9A8F1699}.Debug|Any CPU.ActiveCfg = Debug|Any CPU
		{D9C46FDF-6E39-4D04-9D60-97FD9A8F1699}.Debug|Any CPU.Build.0 = Debug|Any CPU
		{D9C46FDF-6E39-4D04-9D60-97FD9A8F1699}.Release|Any CPU.ActiveCfg = Release|Any CPU
		{D9C46FDF-6E39-4D04-9D60-97FD9A8F1699}.Release|Any CPU.Build.0 = Release|Any CPU
	EndGlobalSection
	GlobalSection(SolutionProperties) = preSolution
		HideSolutionNode = FALSE
	EndGlobalSection
	GlobalSection(ExtensibilityGlobals) = postSolution
		SolutionGuid = {48BA895E-3CF7-4AE6-AEE4-E27AFE37F7B2}
	EndGlobalSection
EndGlobal
