
Microsoft Visual Studio Solution File, Format Version 12.00
# Visual Studio 15
VisualStudioVersion = 15.0.28307.902
MinimumVisualStudioVersion = 10.0.40219.1
Project("{FAE04EC0-301F-11D3-BF4B-00C04F79EFBC}") = "SlotAPI", "SlotAPI\SlotAPI.csproj", "{7720E577-9253-4F9C-AC18-6F3E6DAC2CDE}"
EndProject
Global
	GlobalSection(SolutionConfigurationPlatforms) = preSolution
		Debug|Any CPU = Debug|Any CPU
		Release|Any CPU = Release|Any CPU
	EndGlobalSection
	GlobalSection(ProjectConfigurationPlatforms) = postSolution
		{7720E577-9253-4F9C-AC18-6F3E6DAC2CDE}.Debug|Any CPU.ActiveCfg = Debug|Any CPU
		{7720E577-9253-4F9C-AC18-6F3E6DAC2CDE}.Debug|Any CPU.Build.0 = Debug|Any CPU
		{7720E577-9253-4F9C-AC18-6F3E6DAC2CDE}.Release|Any CPU.ActiveCfg = Release|Any CPU
		{7720E577-9253-4F9C-AC18-6F3E6DAC2CDE}.Release|Any CPU.Build.0 = Release|Any CPU
	EndGlobalSection
	GlobalSection(SolutionProperties) = preSolution
		HideSolutionNode = FALSE
	EndGlobalSection
	GlobalSection(ExtensibilityGlobals) = postSolution
		SolutionGuid = {1ECEFB97-7A3D-4853-B3D4-CF3418DE0297}
	EndGlobalSection
EndGlobal
